
Microsoft Visual Studio Solution File, Format Version 12.00
# Visual Studio Version 16
VisualStudioVersion = 16.0.29926.136
MinimumVisualStudioVersion = 10.0.40219.1
Project("{FAE04EC0-301F-11D3-BF4B-00C04F79EFBC}") = "XamarinFormsAdvancedTemplate.Android", "XamarinFormsAdvancedTemplate.Android\XamarinFormsAdvancedTemplate.Android.csproj", "{E1BBAE29-7E14-4DC0-8A6D-7D31C8BF32A9}"
EndProject
Project("{FAE04EC0-301F-11D3-BF4B-00C04F79EFBC}") = "XamarinFormsAdvancedTemplate.iOS", "XamarinFormsAdvancedTemplate.iOS\XamarinFormsAdvancedTemplate.iOS.csproj", "{DD710961-B7AB-4AC7-B069-5FA7BC861AFE}"
EndProject
Project("{FAE04EC0-301F-11D3-BF4B-00C04F79EFBC}") = "XamarinFormsAdvancedTemplate", "XamarinFormsAdvancedTemplate\XamarinFormsAdvancedTemplate.csproj", "{4F4D8091-863E-4CF1-9ADA-2A4373245E1B}"
EndProject
Global
	GlobalSection(SolutionConfigurationPlatforms) = preSolution
		Debug|Any CPU = Debug|Any CPU
		Debug|iPhone = Debug|iPhone
		Debug|iPhoneSimulator = Debug|iPhoneSimulator
		Release|Any CPU = Release|Any CPU
		Release|iPhone = Release|iPhone
		Release|iPhoneSimulator = Release|iPhoneSimulator
	EndGlobalSection
	GlobalSection(ProjectConfigurationPlatforms) = postSolution
		{E1BBAE29-7E14-4DC0-8A6D-7D31C8BF32A9}.Debug|Any CPU.ActiveCfg = Debug|Any CPU
		{E1BBAE29-7E14-4DC0-8A6D-7D31C8BF32A9}.Debug|Any CPU.Build.0 = Debug|Any CPU
		{E1BBAE29-7E14-4DC0-8A6D-7D31C8BF32A9}.Debug|Any CPU.Deploy.0 = Debug|Any CPU
		{E1BBAE29-7E14-4DC0-8A6D-7D31C8BF32A9}.Debug|iPhone.ActiveCfg = Debug|Any CPU
		{E1BBAE29-7E14-4DC0-8A6D-7D31C8BF32A9}.Debug|iPhone.Build.0 = Debug|Any CPU
		{E1BBAE29-7E14-4DC0-8A6D-7D31C8BF32A9}.Debug|iPhone.Deploy.0 = Debug|Any CPU
		{E1BBAE29-7E14-4DC0-8A6D-7D31C8BF32A9}.Debug|iPhoneSimulator.ActiveCfg = Debug|Any CPU
		{E1BBAE29-7E14-4DC0-8A6D-7D31C8BF32A9}.Debug|iPhoneSimulator.Build.0 = Debug|Any CPU
		{E1BBAE29-7E14-4DC0-8A6D-7D31C8BF32A9}.Debug|iPhoneSimulator.Deploy.0 = Debug|Any CPU
		{E1BBAE29-7E14-4DC0-8A6D-7D31C8BF32A9}.Release|Any CPU.ActiveCfg = Release|Any CPU
		{E1BBAE29-7E14-4DC0-8A6D-7D31C8BF32A9}.Release|Any CPU.Build.0 = Release|Any CPU
		{E1BBAE29-7E14-4DC0-8A6D-7D31C8BF32A9}.Release|Any CPU.Deploy.0 = Release|Any CPU
		{E1BBAE29-7E14-4DC0-8A6D-7D31C8BF32A9}.Release|iPhone.ActiveCfg = Release|Any CPU
		{E1BBAE29-7E14-4DC0-8A6D-7D31C8BF32A9}.Release|iPhone.Build.0 = Release|Any CPU
		{E1BBAE29-7E14-4DC0-8A6D-7D31C8BF32A9}.Release|iPhone.Deploy.0 = Release|Any CPU
		{E1BBAE29-7E14-4DC0-8A6D-7D31C8BF32A9}.Release|iPhoneSimulator.ActiveCfg = Release|Any CPU
		{E1BBAE29-7E14-4DC0-8A6D-7D31C8BF32A9}.Release|iPhoneSimulator.Build.0 = Release|Any CPU
		{E1BBAE29-7E14-4DC0-8A6D-7D31C8BF32A9}.Release|iPhoneSimulator.Deploy.0 = Release|Any CPU
		{DD710961-B7AB-4AC7-B069-5FA7BC861AFE}.Debug|Any CPU.ActiveCfg = Debug|iPhone
		{DD710961-B7AB-4AC7-B069-5FA7BC861AFE}.Debug|Any CPU.Build.0 = Debug|iPhone
		{DD710961-B7AB-4AC7-B069-5FA7BC861AFE}.Debug|Any CPU.Deploy.0 = Debug|iPhone
		{DD710961-B7AB-4AC7-B069-5FA7BC861AFE}.Debug|iPhone.ActiveCfg = Debug|iPhone
		{DD710961-B7AB-4AC7-B069-5FA7BC861AFE}.Debug|iPhone.Build.0 = Debug|iPhone
		{DD710961-B7AB-4AC7-B069-5FA7BC861AFE}.Debug|iPhone.Deploy.0 = Debug|iPhone
		{DD710961-B7AB-4AC7-B069-5FA7BC861AFE}.Debug|iPhoneSimulator.ActiveCfg = Debug|iPhoneSimulator
		{DD710961-B7AB-4AC7-B069-5FA7BC861AFE}.Debug|iPhoneSimulator.Build.0 = Debug|iPhoneSimulator
		{DD710961-B7AB-4AC7-B069-5FA7BC861AFE}.Debug|iPhoneSimulator.Deploy.0 = Debug|iPhoneSimulator
		{DD710961-B7AB-4AC7-B069-5FA7BC861AFE}.Release|Any CPU.ActiveCfg = Release|iPhone
		{DD710961-B7AB-4AC7-B069-5FA7BC861AFE}.Release|Any CPU.Build.0 = Release|iPhone
		{DD710961-B7AB-4AC7-B069-5FA7BC861AFE}.Release|Any CPU.Deploy.0 = Release|iPhone
		{DD710961-B7AB-4AC7-B069-5FA7BC861AFE}.Release|iPhone.ActiveCfg = Release|iPhone
		{DD710961-B7AB-4AC7-B069-5FA7BC861AFE}.Release|iPhone.Build.0 = Release|iPhone
		{DD710961-B7AB-4AC7-B069-5FA7BC861AFE}.Release|iPhone.Deploy.0 = Release|iPhone
		{DD710961-B7AB-4AC7-B069-5FA7BC861AFE}.Release|iPhoneSimulator.ActiveCfg = Release|iPhoneSimulator
		{DD710961-B7AB-4AC7-B069-5FA7BC861AFE}.Release|iPhoneSimulator.Build.0 = Release|iPhoneSimulator
		{DD710961-B7AB-4AC7-B069-5FA7BC861AFE}.Release|iPhoneSimulator.Deploy.0 = Release|iPhoneSimulator
		{4F4D8091-863E-4CF1-9ADA-2A4373245E1B}.Debug|Any CPU.ActiveCfg = Debug|Any CPU
		{4F4D8091-863E-4CF1-9ADA-2A4373245E1B}.Debug|Any CPU.Build.0 = Debug|Any CPU
		{4F4D8091-863E-4CF1-9ADA-2A4373245E1B}.Debug|Any CPU.Deploy.0 = Debug|Any CPU
		{4F4D8091-863E-4CF1-9ADA-2A4373245E1B}.Debug|iPhone.ActiveCfg = Debug|Any CPU
		{4F4D8091-863E-4CF1-9ADA-2A4373245E1B}.Debug|iPhone.Build.0 = Debug|Any CPU
		{4F4D8091-863E-4CF1-9ADA-2A4373245E1B}.Debug|iPhone.Deploy.0 = Debug|Any CPU
		{4F4D8091-863E-4CF1-9ADA-2A4373245E1B}.Debug|iPhoneSimulator.ActiveCfg = Debug|Any CPU
		{4F4D8091-863E-4CF1-9ADA-2A4373245E1B}.Debug|iPhoneSimulator.Build.0 = Debug|Any CPU
		{4F4D8091-863E-4CF1-9ADA-2A4373245E1B}.Debug|iPhoneSimulator.Deploy.0 = Debug|Any CPU
		{4F4D8091-863E-4CF1-9ADA-2A4373245E1B}.Release|Any CPU.ActiveCfg = Release|Any CPU
		{4F4D8091-863E-4CF1-9ADA-2A4373245E1B}.Release|Any CPU.Build.0 = Release|Any CPU
		{4F4D8091-863E-4CF1-9ADA-2A4373245E1B}.Release|Any CPU.Deploy.0 = Release|Any CPU
		{4F4D8091-863E-4CF1-9ADA-2A4373245E1B}.Release|iPhone.ActiveCfg = Release|Any CPU
		{4F4D8091-863E-4CF1-9ADA-2A4373245E1B}.Release|iPhone.Build.0 = Release|Any CPU
		{4F4D8091-863E-4CF1-9ADA-2A4373245E1B}.Release|iPhone.Deploy.0 = Release|Any CPU
		{4F4D8091-863E-4CF1-9ADA-2A4373245E1B}.Release|iPhoneSimulator.ActiveCfg = Release|Any CPU
		{4F4D8091-863E-4CF1-9ADA-2A4373245E1B}.Release|iPhoneSimulator.Build.0 = Release|Any CPU
		{4F4D8091-863E-4CF1-9ADA-2A4373245E1B}.Release|iPhoneSimulator.Deploy.0 = Release|Any CPU
	EndGlobalSection
	GlobalSection(SolutionProperties) = preSolution
		HideSolutionNode = FALSE
	EndGlobalSection
	GlobalSection(ExtensibilityGlobals) = postSolution
		SolutionGuid = {7C23DDB2-A311-4DD8-ABB9-2AD8133FA0A1}
	EndGlobalSection
EndGlobal
